// !$*UTF8*$!
{
	archiveVersion = 1;
	classes = {
	};
	objectVersion = 46;
	objects = {

/* Begin PBXBuildFile section */
		D8214EAB1EA49EC000D70FED /* main.m in Sources */ = {isa = PBXBuildFile; fileRef = D8214EAA1EA49EC000D70FED /* main.m */; };
		D8214EAE1EA49EC000D70FED /* AppDelegate.m in Sources */ = {isa = PBXBuildFile; fileRef = D8214EAD1EA49EC000D70FED /* AppDelegate.m */; };
		D8214EB11EA49EC000D70FED /* ViewController.m in Sources */ = {isa = PBXBuildFile; fileRef = D8214EB01EA49EC000D70FED /* ViewController.m */; };
		D8214EB41EA49EC000D70FED /* Main.storyboard in Resources */ = {isa = PBXBuildFile; fileRef = D8214EB21EA49EC000D70FED /* Main.storyboard */; };
		D8214EB61EA49EC000D70FED /* Assets.xcassets in Resources */ = {isa = PBXBuildFile; fileRef = D8214EB51EA49EC000D70FED /* Assets.xcassets */; };
		D8214EB91EA49EC000D70FED /* LaunchScreen.storyboard in Resources */ = {isa = PBXBuildFile; fileRef = D8214EB71EA49EC000D70FED /* LaunchScreen.storyboard */; };
		D8214EC21EA4AFA800D70FED /* YJPerson.m in Sources */ = {isa = PBXBuildFile; fileRef = D8214EC11EA4AFA800D70FED /* YJPerson.m */; };
		D8214EC81EA4B06B00D70FED /* ViewController+Swizzling.m in Sources */ = {isa = PBXBuildFile; fileRef = D8214EC71EA4B06B00D70FED /* ViewController+Swizzling.m */; };
		D8214ECB1EA4B37A00D70FED /* YJSecondViewController.m in Sources */ = {isa = PBXBuildFile; fileRef = D8214ECA1EA4B37A00D70FED /* YJSecondViewController.m */; };
/* End PBXBuildFile section */

/* Begin PBXFileReference section */
		D8214EA61EA49EC000D70FED /* use-the-runtime.app */ = {isa = PBXFileReference; explicitFileType = wrapper.application; includeInIndex = 0; path = "use-the-runtime.app"; sourceTree = BUILT_PRODUCTS_DIR; };
		D8214EAA1EA49EC000D70FED /* main.m */ = {isa = PBXFileReference; lastKnownFileType = sourcecode.c.objc; path = main.m; sourceTree = "<group>"; };
		D8214EAC1EA49EC000D70FED /* AppDelegate.h */ = {isa = PBXFileReference; lastKnownFileType = sourcecode.c.h; path = AppDelegate.h; sourceTree = "<group>"; };
		D8214EAD1EA49EC000D70FED /* AppDelegate.m */ = {isa = PBXFileReference; lastKnownFileType = sourcecode.c.objc; path = AppDelegate.m; sourceTree = "<group>"; };
		D8214EAF1EA49EC000D70FED /* ViewController.h */ = {isa = PBXFileReference; lastKnownFileType = sourcecode.c.h; path = ViewController.h; sourceTree = "<group>"; };
		D8214EB01EA49EC000D70FED /* ViewController.m */ = {isa = PBXFileReference; lastKnownFileType = sourcecode.c.objc; path = ViewController.m; sourceTree = "<group>"; };
		D8214EB31EA49EC000D70FED /* Base */ = {isa = PBXFileReference; lastKnownFileType = file.storyboard; name = Base; path = Base.lproj/Main.storyboard; sourceTree = "<group>"; };
		D8214EB51EA49EC000D70FED /* Assets.xcassets */ = {isa = PBXFileReference; lastKnownFileType = folder.assetcatalog; path = Assets.xcassets; sourceTree = "<group>"; };
		D8214EB81EA49EC000D70FED /* Base */ = {isa = PBXFileReference; lastKnownFileType = file.storyboard; name = Base; path = Base.lproj/LaunchScreen.storyboard; sourceTree = "<group>"; };
		D8214EBA1EA49EC000D70FED /* Info.plist */ = {isa = PBXFileReference; lastKnownFileType = text.plist.xml; path = Info.plist; sourceTree = "<group>"; };
		D8214EC01EA4AFA800D70FED /* YJPerson.h */ = {isa = PBXFileReference; fileEncoding = 4; lastKnownFileType = sourcecode.c.h; path = YJPerson.h; sourceTree = "<group>"; };
		D8214EC11EA4AFA800D70FED /* YJPerson.m */ = {isa = PBXFileReference; fileEncoding = 4; lastKnownFileType = sourcecode.c.objc; path = YJPerson.m; sourceTree = "<group>"; };
		D8214EC61EA4B06B00D70FED /* ViewController+Swizzling.h */ = {isa = PBXFileReference; fileEncoding = 4; lastKnownFileType = sourcecode.c.h; path = "ViewController+Swizzling.h"; sourceTree = "<group>"; };
		D8214EC71EA4B06B00D70FED /* ViewController+Swizzling.m */ = {isa = PBXFileReference; fileEncoding = 4; lastKnownFileType = sourcecode.c.objc; path = "ViewController+Swizzling.m"; sourceTree = "<group>"; };
		D8214EC91EA4B37A00D70FED /* YJSecondViewController.h */ = {isa = PBXFileReference; fileEncoding = 4; lastKnownFileType = sourcecode.c.h; path = YJSecondViewController.h; sourceTree = "<group>"; };
		D8214ECA1EA4B37A00D70FED /* YJSecondViewController.m */ = {isa = PBXFileReference; fileEncoding = 4; lastKnownFileType = sourcecode.c.objc; path = YJSecondViewController.m; sourceTree = "<group>"; };
/* End PBXFileReference section */

/* Begin PBXFrameworksBuildPhase section */
		D8214EA31EA49EC000D70FED /* Frameworks */ = {
			isa = PBXFrameworksBuildPhase;
			buildActionMask = 2147483647;
			files = (
			);
			runOnlyForDeploymentPostprocessing = 0;
		};
/* End PBXFrameworksBuildPhase section */

/* Begin PBXGroup section */
		D8214E9D1EA49EC000D70FED = {
			isa = PBXGroup;
			children = (
				D8214EA81EA49EC000D70FED /* use-the-runtime */,
				D8214EA71EA49EC000D70FED /* Products */,
			);
			sourceTree = "<group>";
		};
		D8214EA71EA49EC000D70FED /* Products */ = {
			isa = PBXGroup;
			children = (
				D8214EA61EA49EC000D70FED /* use-the-runtime.app */,
			);
			name = Products;
			sourceTree = "<group>";
		};
		D8214EA81EA49EC000D70FED /* use-the-runtime */ = {
			isa = PBXGroup;
			children = (
				D8214EC01EA4AFA800D70FED /* YJPerson.h */,
				D8214EC11EA4AFA800D70FED /* YJPerson.m */,
				D8214EAC1EA49EC000D70FED /* AppDelegate.h */,
				D8214EAD1EA49EC000D70FED /* AppDelegate.m */,
				D8214EAF1EA49EC000D70FED /* ViewController.h */,
				D8214EB01EA49EC000D70FED /* ViewController.m */,
				D8214EC91EA4B37A00D70FED /* YJSecondViewController.h */,
				D8214ECA1EA4B37A00D70FED /* YJSecondViewController.m */,
				D8214EC61EA4B06B00D70FED /* ViewController+Swizzling.h */,
				D8214EC71EA4B06B00D70FED /* ViewController+Swizzling.m */,
				D8214EB21EA49EC000D70FED /* Main.storyboard */,
				D8214EB51EA49EC000D70FED /* Assets.xcassets */,
				D8214EB71EA49EC000D70FED /* LaunchScreen.storyboard */,
				D8214EBA1EA49EC000D70FED /* Info.plist */,
				D8214EA91EA49EC000D70FED /* Supporting Files */,
			);
			path = "use-the-runtime";
			sourceTree = "<group>";
		};
		D8214EA91EA49EC000D70FED /* Supporting Files */ = {
			isa = PBXGroup;
			children = (
				D8214EAA1EA49EC000D70FED /* main.m */,
			);
			name = "Supporting Files";
			sourceTree = "<group>";
		};
/* End PBXGroup section */

/* Begin PBXNativeTarget section */
		D8214EA51EA49EC000D70FED /* use-the-runtime */ = {
			isa = PBXNativeTarget;
			buildConfigurationList = D8214EBD1EA49EC000D70FED /* Build configuration list for PBXNativeTarget "use-the-runtime" */;
			buildPhases = (
				D8214EA21EA49EC000D70FED /* Sources */,
				D8214EA31EA49EC000D70FED /* Frameworks */,
				D8214EA41EA49EC000D70FED /* Resources */,
			);
			buildRules = (
			);
			dependencies = (
			);
			name = "use-the-runtime";
			productName = "use-the-runtime";
			productReference = D8214EA61EA49EC000D70FED /* use-the-runtime.app */;
			productType = "com.apple.product-type.application";
		};
/* End PBXNativeTarget section */

/* Begin PBXProject section */
		D8214E9E1EA49EC000D70FED /* Project object */ = {
			isa = PBXProject;
			attributes = {
				CLASSPREFIX = YJ;
				LastUpgradeCheck = 0820;
				ORGANIZATIONNAME = mervin;
				TargetAttributes = {
					D8214EA51EA49EC000D70FED = {
						CreatedOnToolsVersion = 8.2.1;
						ProvisioningStyle = Automatic;
					};
				};
			};
			buildConfigurationList = D8214EA11EA49EC000D70FED /* Build configuration list for PBXProject "use-the-runtime" */;
			compatibilityVersion = "Xcode 3.2";
			developmentRegion = English;
			hasScannedForEncodings = 0;
			knownRegions = (
				en,
				Base,
			);
			mainGroup = D8214E9D1EA49EC000D70FED;
			productRefGroup = D8214EA71EA49EC000D70FED /* Products */;
			projectDirPath = "";
			projectRoot = "";
			targets = (
				D8214EA51EA49EC000D70FED /* use-the-runtime */,
			);
		};
/* End PBXProject section */

/* Begin PBXResourcesBuildPhase section */
		D8214EA41EA49EC000D70FED /* Resources */ = {
			isa = PBXResourcesBuildPhase;
			buildActionMask = 2147483647;
			files = (
				D8214EB91EA49EC000D70FED /* LaunchScreen.storyboard in Resources */,
				D8214EB61EA49EC000D70FED /* Assets.xcassets in Resources */,
				D8214EB41EA49EC000D70FED /* Main.storyboard in Resources */,
			);
			runOnlyForDeploymentPostprocessing = 0;
		};
/* End PBXResourcesBuildPhase section */

/* Begin PBXSourcesBuildPhase section */
		D8214EA21EA49EC000D70FED /* Sources */ = {
			isa = PBXSourcesBuildPhase;
			buildActionMask = 2147483647;
			files = (
				D8214EB11EA49EC000D70FED /* ViewController.m in Sources */,
				D8214ECB1EA4B37A00D70FED /* YJSecondViewController.m in Sources */,
				D8214EAE1EA49EC000D70FED /* AppDelegate.m in Sources */,
				D8214EAB1EA49EC000D70FED /* main.m in Sources */,
				D8214EC21EA4AFA800D70FED /* YJPerson.m in Sources */,
				D8214EC81EA4B06B00D70FED /* ViewController+Swizzling.m in Sources */,
			);
			runOnlyForDeploymentPostprocessing = 0;
		};
/* End PBXSourcesBuildPhase section */

/* Begin PBXVariantGroup section */
		D8214EB21EA49EC000D70FED /* Main.storyboard */ = {
			isa = PBXVariantGroup;
			children = (
				D8214EB31EA49EC000D70FED /* Base */,
			);
			name = Main.storyboard;
			sourceTree = "<group>";
		};
		D8214EB71EA49EC000D70FED /* LaunchScreen.storyboard */ = {
			isa = PBXVariantGroup;
			children = (
				D8214EB81EA49EC000D70FED /* Base */,
			);
			name = LaunchScreen.storyboard;
			sourceTree = "<group>";
		};
/* End PBXVariantGroup section */

/* Begin XCBuildConfiguration section */
		D8214EBB1EA49EC000D70FED /* Debug */ = {
			isa = XCBuildConfiguration;
			buildSettings = {
				ALWAYS_SEARCH_USER_PATHS = NO;
				CLANG_ANALYZER_NONNULL = YES;
				CLANG_CXX_LANGUAGE_STANDARD = "gnu++0x";
				CLANG_CXX_LIBRARY = "libc++";
				CLANG_ENABLE_MODULES = YES;
				CLANG_ENABLE_OBJC_ARC = YES;
				CLANG_WARN_BOOL_CONVERSION = YES;
				CLANG_WARN_CONSTANT_CONVERSION = YES;
				CLANG_WARN_DIRECT_OBJC_ISA_USAGE = YES_ERROR;
				CLANG_WARN_DOCUMENTATION_COMMENTS = YES;
				CLANG_WARN_EMPTY_BODY = YES;
				CLANG_WARN_ENUM_CONVERSION = YES;
				CLANG_WARN_INFINITE_RECURSION = YES;
				CLANG_WARN_INT_CONVERSION = YES;
				CLANG_WARN_OBJC_ROOT_CLASS = YES_ERROR;
				CLANG_WARN_SUSPICIOUS_MOVE = YES;
				CLANG_WARN_UNREACHABLE_CODE = YES;
				CLANG_WARN__DUPLICATE_METHOD_MATCH = YES;
				"CODE_SIGN_IDENTITY[sdk=iphoneos*]" = "iPhone Developer";
				COPY_PHASE_STRIP = NO;
				DEBUG_INFORMATION_FORMAT = dwarf;
				ENABLE_STRICT_OBJC_MSGSEND = YES;
				ENABLE_TESTABILITY = YES;
				GCC_C_LANGUAGE_STANDARD = gnu99;
				GCC_DYNAMIC_NO_PIC = NO;
				GCC_NO_COMMON_BLOCKS = YES;
				GCC_OPTIMIZATION_LEVEL = 0;
				GCC_PREPROCESSOR_DEFINITIONS = (
					"DEBUG=1",
					"$(inherited)",
				);
				GCC_WARN_64_TO_32_BIT_CONVERSION = YES;
				GCC_WARN_ABOUT_RETURN_TYPE = YES_ERROR;
				GCC_WARN_UNDECLARED_SELECTOR = YES;
				GCC_WARN_UNINITIALIZED_AUTOS = YES_AGGRESSIVE;
				GCC_WARN_UNUSED_FUNCTION = YES;
				GCC_WARN_UNUSED_VARIABLE = YES;
				IPHONEOS_DEPLOYMENT_TARGET = 10.2;
				MTL_ENABLE_DEBUG_INFO = YES;
				ONLY_ACTIVE_ARCH = YES;
				SDKROOT = iphoneos;
				TARGETED_DEVICE_FAMILY = "1,2";
			};
			name = Debug;
		};
		D8214EBC1EA49EC000D70FED /* Release */ = {
			isa = XCBuildConfiguration;
			buildSettings = {
				ALWAYS_SEARCH_USER_PATHS = NO;
				CLANG_ANALYZER_NONNULL = YES;
				CLANG_CXX_LANGUAGE_STANDARD = "gnu++0x";
				CLANG_CXX_LIBRARY = "libc++";
				CLANG_ENABLE_MODULES = YES;
				CLANG_ENABLE_OBJC_ARC = YES;
				CLANG_WARN_BOOL_CONVERSION = YES;
				CLANG_WARN_CONSTANT_CONVERSION = YES;
				CLANG_WARN_DIRECT_OBJC_ISA_USAGE = YES_ERROR;
				CLANG_WARN_DOCUMENTATION_COMMENTS = YES;
				CLANG_WARN_EMPTY_BODY = YES;
				CLANG_WARN_ENUM_CONVERSION = YES;
				CLANG_WARN_INFINITE_RECURSION = YES;
				CLANG_WARN_INT_CONVERSION = YES;
				CLANG_WARN_OBJC_ROOT_CLASS = YES_ERROR;
				CLANG_WARN_SUSPICIOUS_MOVE = YES;
				CLANG_WARN_UNREACHABLE_CODE = YES;
				CLANG_WARN__DUPLICATE_METHOD_MATCH = YES;
				"CODE_SIGN_IDENTITY[sdk=iphoneos*]" = "iPhone Developer";
				COPY_PHASE_STRIP = NO;
				DEBUG_INFORMATION_FORMAT = "dwarf-with-dsym";
				ENABLE_NS_ASSERTIONS = NO;
				ENABLE_STRICT_OBJC_MSGSEND = YES;
				GCC_C_LANGUAGE_STANDARD = gnu99;
				GCC_NO_COMMON_BLOCKS = YES;
				GCC_WARN_64_TO_32_BIT_CONVERSION = YES;
				GCC_WARN_ABOUT_RETURN_TYPE = YES_ERROR;
				GCC_WARN_UNDECLARED_SELECTOR = YES;
				GCC_WARN_UNINITIALIZED_AUTOS = YES_AGGRESSIVE;
				GCC_WARN_UNUSED_FUNCTION = YES;
				GCC_WARN_UNUSED_VARIABLE = YES;
				IPHONEOS_DEPLOYMENT_TARGET = 10.2;
				MTL_ENABLE_DEBUG_INFO = NO;
				SDKROOT = iphoneos;
				TARGETED_DEVICE_FAMILY = "1,2";
				VALIDATE_PRODUCT = YES;
			};
			name = Release;
		};
		D8214EBE1EA49EC000D70FED /* Debug */ = {
			isa = XCBuildConfiguration;
			buildSettings = {
				ASSETCATALOG_COMPILER_APPICON_NAME = AppIcon;
				INFOPLIST_FILE = "use-the-runtime/Info.plist";
				IPHONEOS_DEPLOYMENT_TARGET = 8.0;
				LD_RUNPATH_SEARCH_PATHS = "$(inherited) @executable_path/Frameworks";
				PRODUCT_BUNDLE_IDENTIFIER = "blanK.use-the-runtime";
				PRODUCT_NAME = "$(TARGET_NAME)";
			};
			name = Debug;
		};
		D8214EBF1EA49EC000D70FED /* Release */ = {
			isa = XCBuildConfiguration;
			buildSettings = {
				ASSETCATALOG_COMPILER_APPICON_NAME = AppIcon;
				INFOPLIST_FILE = "use-the-runtime/Info.plist";
				IPHONEOS_DEPLOYMENT_TARGET = 8.0;
				LD_RUNPATH_SEARCH_PATHS = "$(inherited) @executable_path/Frameworks";
				PRODUCT_BUNDLE_IDENTIFIER = "blanK.use-the-runtime";
				PRODUCT_NAME = "$(TARGET_NAME)";
			};
			name = Release;
		};
/* End XCBuildConfiguration section */

/* Begin XCConfigurationList section */
		D8214EA11EA49EC000D70FED /* Build configuration list for PBXProject "use-the-runtime" */ = {
			isa = XCConfigurationList;
			buildConfigurations = (
				D8214EBB1EA49EC000D70FED /* Debug */,
				D8214EBC1EA49EC000D70FED /* Release */,
			);
			defaultConfigurationIsVisible = 0;
			defaultConfigurationName = Release;
		};
		D8214EBD1EA49EC000D70FED /* Build configuration list for PBXNativeTarget "use-the-runtime" */ = {
			isa = XCConfigurationList;
			buildConfigurations = (
				D8214EBE1EA49EC000D70FED /* Debug */,
				D8214EBF1EA49EC000D70FED /* Release */,
			);
			defaultConfigurationIsVisible = 0;
			defaultConfigurationName = Release;
		};
/* End XCConfigurationList section */
	};
	rootObject = D8214E9E1EA49EC000D70FED /* Project object */;
}
